# Generated by pub
# See https://dart.dev/tools/pub/glossary#lockfile
packages:
  _fe_analyzer_shared:
    dependency: transitive
    description:
      name: _fe_analyzer_shared
      url: "https://pub.dartlang.org"
    source: hosted
    version: "12.0.0"
  analyzer:
    dependency: "direct main"
    description:
      name: analyzer
      url: "https://pub.dartlang.org"
    source: hosted
    version: "0.40.6"
  archive:
    dependency: "direct main"
    description:
      name: archive
      url: "https://pub.dartlang.org"
    source: hosted
    version: "2.0.13"
  args:
    dependency: "direct main"
    description:
      name: args
      url: "https://pub.dartlang.org"
    source: hosted
    version: "1.6.0"
  asn1lib:
    dependency: transitive
    description:
      name: asn1lib
      url: "https://pub.dartlang.org"
    source: hosted
    version: "0.8.1"
  async:
    dependency: transitive
    description:
      name: async
      url: "https://pub.dartlang.org"
    source: hosted
    version: "2.5.0-nullsafety.1"
  benchmark_harness:
    dependency: "direct main"
    description:
      name: benchmark_harness
      url: "https://pub.dartlang.org"
    source: hosted
    version: "1.0.5"
  boolean_selector:
    dependency: transitive
    description:
      name: boolean_selector
      url: "https://pub.dartlang.org"
    source: hosted
    version: "2.1.0-nullsafety.1"
  build:
    dependency: transitive
    description:
      name: build
      url: "https://pub.dartlang.org"
    source: hosted
    version: "1.6.2"
  build_config:
    dependency: transitive
    description:
      name: build_config
      url: "https://pub.dartlang.org"
    source: hosted
    version: "0.4.5"
  build_daemon:
    dependency: transitive
    description:
      name: build_daemon
      url: "https://pub.dartlang.org"
    source: hosted
    version: "2.1.7"
  build_resolvers:
    dependency: transitive
    description:
      name: build_resolvers
      url: "https://pub.dartlang.org"
    source: hosted
    version: "1.5.3"
  build_runner:
    dependency: "direct main"
    description:
      name: build_runner
      url: "https://pub.dartlang.org"
    source: hosted
    version: "1.11.1"
  build_runner_core:
    dependency: transitive
    description:
      name: build_runner_core
      url: "https://pub.dartlang.org"
    source: hosted
    version: "6.1.7"
  built_collection:
    dependency: transitive
    description:
      name: built_collection
      url: "https://pub.dartlang.org"
    source: hosted
    version: "4.3.2"
  built_value:
    dependency: transitive
    description:
      name: built_value
      url: "https://pub.dartlang.org"
    source: hosted
    version: "7.1.0"
  characters:
    dependency: transitive
    description:
      name: characters
      url: "https://pub.dartlang.org"
    source: hosted
    version: "1.1.0-nullsafety.3"
  charcode:
    dependency: transitive
    description:
      name: charcode
      url: "https://pub.dartlang.org"
    source: hosted
    version: "1.2.0-nullsafety.1"
  checked_yaml:
    dependency: transitive
    description:
      name: checked_yaml
      url: "https://pub.dartlang.org"
    source: hosted
    version: "1.0.4"
  cli_util:
    dependency: "direct main"
    description:
      name: cli_util
      url: "https://pub.dartlang.org"
    source: hosted
    version: "0.1.4"
  clock:
    dependency: transitive
    description:
      name: clock
      url: "https://pub.dartlang.org"
    source: hosted
    version: "1.1.0-nullsafety.1"
  code_builder:
    dependency: "direct main"
    description:
      name: code_builder
      url: "https://pub.dartlang.org"
    source: hosted
    version: "3.7.0"
  collection:
    dependency: "direct main"
    description:
      name: collection
      url: "https://pub.dartlang.org"
    source: hosted
    version: "1.15.0-nullsafety.3"
  colorize:
    dependency: transitive
    description:
      name: colorize
      url: "https://pub.dartlang.org"
    source: hosted
    version: "2.0.0"
  convert:
    dependency: transitive
    description:
      name: convert
      url: "https://pub.dartlang.org"
    source: hosted
    version: "2.1.1"
  corsac_jwt:
    dependency: "direct main"
    description:
      name: corsac_jwt
      url: "https://pub.dartlang.org"
    source: hosted
    version: "0.4.0"
  coverage:
    dependency: transitive
    description:
      name: coverage
      url: "https://pub.dartlang.org"
    source: hosted
    version: "0.14.2"
  crypto:
    dependency: transitive
    description:
      name: crypto
      url: "https://pub.dartlang.org"
    source: hosted
    version: "2.1.5"
  cupertino_icons:
    dependency: "direct main"
    description:
      name: cupertino_icons
      url: "https://pub.dartlang.org"
    source: hosted
    version: "0.1.3"
  dart_console:
    dependency: "direct main"
    description:
      name: dart_console
      url: "https://pub.dartlang.org"
    source: hosted
    version: "0.6.2"
  dart_style:
    dependency: "direct main"
    description:
      name: dart_style
      url: "https://pub.dartlang.org"
    source: hosted
    version: "1.3.10"
  encrypt:
    dependency: "direct main"
    description:
      name: encrypt
      url: "https://pub.dartlang.org"
    source: hosted
    version: "4.1.0"
  fake_async:
    dependency: transitive
    description:
      name: fake_async
      url: "https://pub.dartlang.org"
    source: hosted
    version: "1.2.0-nullsafety.1"
  ffi:
    dependency: transitive
    description:
      name: ffi
      url: "https://pub.dartlang.org"
    source: hosted
    version: "0.1.3"
  file:
    dependency: transitive
    description:
      name: file
      url: "https://pub.dartlang.org"
    source: hosted
    version: "5.2.1"
  filesize:
    dependency: "direct main"
    description:
      name: filesize
      url: "https://pub.dartlang.org"
    source: hosted
    version: "1.0.4"
  fixnum:
    dependency: transitive
    description:
      name: fixnum
      url: "https://pub.dartlang.org"
    source: hosted
    version: "0.10.11"
  flutter:
    dependency: "direct main"
    description: flutter
    source: sdk
    version: "0.0.0"
  flutter_test:
    dependency: "direct dev"
    description: flutter
    source: sdk
    version: "0.0.0"
  freezed:
    dependency: "direct main"
    description:
      name: freezed
      url: "https://pub.dartlang.org"
    source: hosted
    version: "0.12.7"
  freezed_annotation:
    dependency: "direct main"
    description:
      name: freezed_annotation
      url: "https://pub.dartlang.org"
    source: hosted
    version: "0.12.0"
  git:
    dependency: transitive
    description:
      name: git
      url: "https://pub.dartlang.org"
    source: hosted
    version: "1.0.1"
  github:
    dependency: transitive
    description:
      name: github
      url: "https://pub.dartlang.org"
    source: hosted
    version: "7.0.4"
  glob:
    dependency: transitive
    description:
      name: glob
      url: "https://pub.dartlang.org"
    source: hosted
    version: "1.2.0"
  graphs:
    dependency: transitive
    description:
      name: graphs
      url: "https://pub.dartlang.org"
    source: hosted
    version: "0.2.0"
  http:
    dependency: "direct main"
    description:
      name: http
      url: "https://pub.dartlang.org"
    source: hosted
    version: "0.12.2"
  http_multi_server:
    dependency: transitive
    description:
      name: http_multi_server
      url: "https://pub.dartlang.org"
    source: hosted
    version: "2.2.0"
  http_parser:
    dependency: transitive
    description:
      name: http_parser
      url: "https://pub.dartlang.org"
    source: hosted
    version: "3.1.4"
  import_sorter:
    dependency: "direct dev"
    description:
      name: import_sorter
      url: "https://pub.dartlang.org"
    source: hosted
    version: "4.4.1"
  intl:
    dependency: transitive
    description:
      name: intl
      url: "https://pub.dartlang.org"
    source: hosted
    version: "0.16.1"
  io:
    dependency: transitive
    description:
      name: io
      url: "https://pub.dartlang.org"
    source: hosted
    version: "0.3.5"
  js:
    dependency: transitive
    description:
      name: js
      url: "https://pub.dartlang.org"
    source: hosted
    version: "0.6.3-nullsafety.2"
  json_annotation:
    dependency: transitive
    description:
      name: json_annotation
      url: "https://pub.dartlang.org"
    source: hosted
    version: "3.1.1"
  json_serializable:
    dependency: "direct main"
    description:
      name: json_serializable
      url: "https://pub.dartlang.org"
    source: hosted
    version: "3.5.0"
  logging:
    dependency: transitive
    description:
      name: logging
      url: "https://pub.dartlang.org"
    source: hosted
    version: "0.11.4"
  matcher:
    dependency: transitive
    description:
      name: matcher
      url: "https://pub.dartlang.org"
    source: hosted
    version: "0.12.10-nullsafety.1"
  meta:
    dependency: transitive
    description:
      name: meta
      url: "https://pub.dartlang.org"
    source: hosted
    version: "1.3.0-nullsafety.3"
  mime:
    dependency: transitive
    description:
      name: mime
      url: "https://pub.dartlang.org"
    source: hosted
    version: "0.9.7"
  node_interop:
    dependency: transitive
    description:
      name: node_interop
      url: "https://pub.dartlang.org"
    source: hosted
    version: "1.2.1"
  node_io:
    dependency: transitive
    description:
      name: node_io
      url: "https://pub.dartlang.org"
    source: hosted
    version: "1.2.0"
  node_preamble:
    dependency: transitive
    description:
      name: node_preamble
      url: "https://pub.dartlang.org"
    source: hosted
    version: "1.4.13"
  package_config:
    dependency: transitive
    description:
      name: package_config
      url: "https://pub.dartlang.org"
    source: hosted
    version: "1.9.3"
  path:
    dependency: transitive
    description:
      name: path
      url: "https://pub.dartlang.org"
    source: hosted
    version: "1.8.0-nullsafety.1"
  pedantic:
    dependency: transitive
    description:
      name: pedantic
      url: "https://pub.dartlang.org"
    source: hosted
    version: "1.10.0-nullsafety.2"
  petitparser:
    dependency: "direct main"
    description:
      name: petitparser
      url: "https://pub.dartlang.org"
    source: hosted
    version: "3.1.0"
  pointycastle:
    dependency: "direct main"
    description:
      name: pointycastle
      url: "https://pub.dartlang.org"
    source: hosted
    version: "2.0.1"
  pool:
    dependency: transitive
    description:
      name: pool
      url: "https://pub.dartlang.org"
    source: hosted
    version: "1.5.0-nullsafety.2"
  progress_bar:
    dependency: "direct main"
    description:
      path: "."
      ref: HEAD
      resolved-ref: "02418df30856afa247bc075ed7788c5367950d5b"
      url: "git://github.com/hydro-sdk/progress_bar"
    source: git
    version: "0.2.0"
  pub_semver:
    dependency: transitive
    description:
      name: pub_semver
      url: "https://pub.dartlang.org"
    source: hosted
    version: "1.4.4"
  pubspec_parse:
    dependency: transitive
    description:
      name: pubspec_parse
      url: "https://pub.dartlang.org"
    source: hosted
    version: "0.1.8"
  quiver:
    dependency: transitive
    description:
      name: quiver
      url: "https://pub.dartlang.org"
    source: hosted
    version: "2.1.5"
  recase:
    dependency: "direct main"
    description:
      name: recase
      url: "https://pub.dartlang.org"
    source: hosted
    version: "3.0.1"
  rsa_pkcs:
    dependency: "direct main"
    description:
      name: rsa_pkcs
      url: "https://pub.dartlang.org"
    source: hosted
    version: "1.1.4"
  shelf:
    dependency: transitive
    description:
      name: shelf
      url: "https://pub.dartlang.org"
    source: hosted
    version: "0.7.9"
  shelf_packages_handler:
    dependency: transitive
    description:
      name: shelf_packages_handler
      url: "https://pub.dartlang.org"
    source: hosted
    version: "2.0.1"
  shelf_static:
    dependency: transitive
    description:
      name: shelf_static
      url: "https://pub.dartlang.org"
    source: hosted
    version: "0.2.9+2"
  shelf_web_socket:
    dependency: transitive
    description:
      name: shelf_web_socket
      url: "https://pub.dartlang.org"
    source: hosted
    version: "0.2.4+1"
  sky_engine:
    dependency: transitive
    description: flutter
    source: sdk
    version: "0.0.99"
  source_gen:
    dependency: transitive
    description:
      name: source_gen
      url: "https://pub.dartlang.org"
    source: hosted
    version: "0.9.10+2"
  source_map_stack_trace:
    dependency: transitive
    description:
      name: source_map_stack_trace
      url: "https://pub.dartlang.org"
    source: hosted
    version: "2.1.0-nullsafety.3"
  source_maps:
    dependency: transitive
    description:
      name: source_maps
      url: "https://pub.dartlang.org"
    source: hosted
    version: "0.10.10-nullsafety.2"
  source_span:
    dependency: transitive
    description:
      name: source_span
      url: "https://pub.dartlang.org"
    source: hosted
    version: "1.8.0-nullsafety.2"
  stack_trace:
    dependency: transitive
    description:
      name: stack_trace
      url: "https://pub.dartlang.org"
    source: hosted
    version: "1.10.0-nullsafety.1"
  stream_channel:
    dependency: transitive
    description:
      name: stream_channel
      url: "https://pub.dartlang.org"
    source: hosted
    version: "2.1.0-nullsafety.1"
  stream_transform:
    dependency: transitive
    description:
      name: stream_transform
      url: "https://pub.dartlang.org"
    source: hosted
    version: "1.2.0"
  string_scanner:
    dependency: transitive
    description:
      name: string_scanner
      url: "https://pub.dartlang.org"
    source: hosted
    version: "1.1.0-nullsafety.1"
  surveyor:
    dependency: "direct main"
    description:
      path: "."
      ref: e050fb0dee8f228e0da660f1b49b28daf42291b9
      resolved-ref: e050fb0dee8f228e0da660f1b49b28daf42291b9
      url: "git://github.com/hydro-sdk/surveyor"
    source: git
    version: "0.0.1"
  synchronized:
    dependency: "direct main"
    description:
      name: synchronized
      url: "https://pub.dartlang.org"
    source: hosted
    version: "2.2.0+2"
  term_glyph:
    dependency: transitive
    description:
      name: term_glyph
      url: "https://pub.dartlang.org"
    source: hosted
    version: "1.2.0-nullsafety.1"
  test:
    dependency: "direct dev"
    description:
      name: test
      url: "https://pub.dartlang.org"
    source: hosted
    version: "1.16.0-nullsafety.5"
  test_api:
    dependency: transitive
    description:
      name: test_api
      url: "https://pub.dartlang.org"
    source: hosted
    version: "0.2.19-nullsafety.2"
  test_core:
    dependency: transitive
    description:
      name: test_core
      url: "https://pub.dartlang.org"
    source: hosted
    version: "0.3.12-nullsafety.5"
  timing:
    dependency: transitive
    description:
      name: timing
      url: "https://pub.dartlang.org"
    source: hosted
    version: "0.1.1+3"
  tuple:
    dependency: "direct main"
    description:
      name: tuple
      url: "https://pub.dartlang.org"
    source: hosted
    version: "1.0.3"
  typed_data:
    dependency: transitive
    description:
      name: typed_data
      url: "https://pub.dartlang.org"
    source: hosted
    version: "1.3.0-nullsafety.3"
  uuid:
    dependency: "direct main"
    description:
      name: uuid
      url: "https://pub.dartlang.org"
    source: hosted
    version: "2.2.2"
  vector_math:
    dependency: transitive
    description:
      name: vector_math
      url: "https://pub.dartlang.org"
    source: hosted
    version: "2.1.0-nullsafety.3"
  version:
    dependency: transitive
    description:
      path: "."
      ref: master
      resolved-ref: ab213d7380c17d452768fab657fb3503d7c5b813
      url: "git://github.com/hydro-sdk/version"
    source: git
    version: "1.2.0"
  vm_service:
    dependency: transitive
    description:
      name: vm_service
      url: "https://pub.dartlang.org"
    source: hosted
    version: "5.5.0"
  watcher:
    dependency: "direct main"
    description:
      name: watcher
      url: "https://pub.dartlang.org"
    source: hosted
    version: "0.9.7+15"
  waveform:
    dependency: "direct main"
    description:
      path: "."
      ref: "0.0.1-nightly.34"
      resolved-ref: "0448bf6959851a8d1a4f65c46fd9172fd53d8476"
      url: "git://github.com/hydro-sdk/waveform.git"
    source: git
    version: "0.0.1"
  web_socket_channel:
    dependency: transitive
    description:
      name: web_socket_channel
      url: "https://pub.dartlang.org"
    source: hosted
    version: "1.2.0"
  webkit_inspection_protocol:
    dependency: transitive
    description:
      name: webkit_inspection_protocol
      url: "https://pub.dartlang.org"
    source: hosted
    version: "0.7.5"
  win32:
    dependency: transitive
    description:
      name: win32
      url: "https://pub.dartlang.org"
    source: hosted
    version: "1.7.4+1"
  yaml:
    dependency: transitive
    description:
      name: yaml
      url: "https://pub.dartlang.org"
    source: hosted
    version: "2.2.1"
  yaml_modify:
    dependency: transitive
    description:
      name: yaml_modify
      url: "https://pub.dartlang.org"
    source: hosted
    version: "0.1.3"
sdks:
  dart: ">=2.10.0 <2.11.0"
